Microsoft Visual Studio Solution File, Format Version 12.00
# Visual Studio Version 17
VisualStudioVersion = 17.5.2.0
MinimumVisualStudioVersion = 10.0.40219.1
Project("{FAE04EC0-301F-11D3-BF4B-00C04F79EFBC}") = "HastaRandevuUI", "HastaRandevuUI\HastaRandevuUI.csproj", "{6E25C21C-0CE2-833E-81C6-A94B6BCAB090}"
EndProject
Global
	GlobalSection(SolutionConfigurationPlatforms) = preSolution
		Debug|Any CPU = Debug|Any CPU
		Release|Any CPU = Release|Any CPU
	EndGlobalSection
	GlobalSection(ProjectConfigurationPlatforms) = postSolution
		{6E25C21C-0CE2-833E-81C6-A94B6BCAB090}.Debug|Any CPU.ActiveCfg = Debug|Any CPU
		{6E25C21C-0CE2-833E-81C6-A94B6BCAB090}.Debug|Any CPU.Build.0 = Debug|Any CPU
		{6E25C21C-0CE2-833E-81C6-A94B6BCAB090}.Release|Any CPU.ActiveCfg = Release|Any CPU
		{6E25C21C-0CE2-833E-81C6-A94B6BCAB090}.Release|Any CPU.Build.0 = Release|Any CPU
	EndGlobalSection
	GlobalSection(SolutionProperties) = preSolution
		HideSolutionNode = FALSE
	EndGlobalSection
	GlobalSection(ExtensibilityGlobals) = postSolution
		SolutionGuid = {9A32A0E2-5613-4FCA-AAC5-7FF58C605437}
	EndGlobalSection
EndGlobal
